
Microsoft Visual Studio Solution File, Format Version 11.00
# Visual Studio 2010
Project("{FAE04EC0-301F-11D3-BF4B-00C04F79EFBC}") = "EasyBalance", "Assembly-CSharp.csproj", "{940419CB-417E-B1E9-C14D-D25A0C2C8743}"
EndProject
Global
	GlobalSection(SolutionConfigurationPlatforms) = preSolution
		Debug|Any CPU = Debug|Any CPU
		Release|Any CPU = Release|Any CPU
	EndGlobalSection
	GlobalSection(ProjectConfigurationPlatforms) = postSolution
		{940419CB-417E-B1E9-C14D-D25A0C2C8743}.Debug|Any CPU.ActiveCfg = Debug|Any CPU
		{940419CB-417E-B1E9-C14D-D25A0C2C8743}.Debug|Any CPU.Build.0 = Debug|Any CPU
		{940419CB-417E-B1E9-C14D-D25A0C2C8743}.Release|Any CPU.ActiveCfg = Release|Any CPU
		{940419CB-417E-B1E9-C14D-D25A0C2C8743}.Release|Any CPU.Build.0 = Release|Any CPU
	EndGlobalSection
	GlobalSection(SolutionProperties) = preSolution
		HideSolutionNode = FALSE
	EndGlobalSection
	GlobalSection(MonoDevelopProperties) = preSolution
		StartupItem = Assembly-CSharp.csproj
	EndGlobalSection
EndGlobal
